{
  "name": "regex",
  "version": "1.0.0",
  "lockfileVersion": 1,
  "requires": true,
  "dependencies": {
    "@textlint/ast-node-types": {
      "version": "13.3.2",
      "resolved": "https://registry.npmjs.org/@textlint/ast-node-types/-/ast-node-types-13.3.2.tgz",
      "integrity": "sha512-d9WXBahsAgRDWcfUE7pQs8E9SNbF0nxrEaYE2g01tLgQ/dYdlOLngNPXi0Lk+C+yU58kvmFSdO6nicIAe3WIiw==",
      "dev": true
    },
    "babel-runtime": {
      "version": "6.26.0",
      "resolved": "https://registry.npmjs.org/babel-runtime/-/babel-runtime-6.26.0.tgz",
      "integrity": "sha512-ITKNuq2wKlW1fJg9sSW52eepoYgZBggvOAHC0u/CYu/qxQ9EVzThCgR69BnSXLHjy2f7SY5zaQ4yt7H9ZVxY2g==",
      "dev": true,
      "requires": {
        "core-js": "^2.4.0",
        "regenerator-runtime": "^0.11.0"
      }
    },
    "boundary": {
      "version": "2.0.0",
      "resolved": "https://registry.npmjs.org/boundary/-/boundary-2.0.0.tgz",
      "integrity": "sha512-rJKn5ooC9u8q13IMCrW0RSp31pxBCHE3y9V/tp3TdWSLf8Em3p6Di4NBpfzbJge9YjjFEsD0RtFEjtvHL5VyEA==",
      "dev": true
    },
    "clj-fuzzy": {
      "version": "0.3.3",
      "resolved": "https://registry.npmjs.org/clj-fuzzy/-/clj-fuzzy-0.3.3.tgz",
      "integrity": "sha512-9cyh9A8+OphDZeKIG21MgyDHWDkWxTvagwvFLVjtdi6eToFENF7iDLlKwhHrnBQRSQwprKNhazG053nE/UgwfQ==",
      "dev": true
    },
    "core-js": {
      "version": "2.6.12",
      "resolved": "https://registry.npmjs.org/core-js/-/core-js-2.6.12.tgz",
      "integrity": "sha512-Kb2wC0fvsWfQrgk8HU5lW6U/Lcs8+9aaYcy4ZFc6DDlo4nZ7n70dEgE5rtR0oG6ufKDUnrwfWL1mXR5ljDatrQ==",
      "dev": true
    },
    "is-verb": {
      "version": "1.0.1",
      "resolved": "https://registry.npmjs.org/is-verb/-/is-verb-1.0.1.tgz",
      "integrity": "sha512-hpaWLyS4wGeC8RN4PItY0YQkHWk9MRNIRAqoZu2c2I/FxBNfzSqZKeYMaDgCw1j0J7qdoam86rBlR/bUaepX3A==",
      "dev": true
    },
    "its-set": {
      "version": "1.2.3",
      "resolved": "https://registry.npmjs.org/its-set/-/its-set-1.2.3.tgz",
      "integrity": "sha512-UQc+xLLn+0a8KKRXRj3OS2kERK8G7zcayPpPULqZnPwuJ1hGWEO8+j0T5eycu7DKXYjezw3pyF8oV1fJkJxV5w==",
      "dev": true,
      "requires": {
        "babel-runtime": "6.x.x",
        "lodash.get": "^4.4.2"
      }
    },
    "lodash.get": {
      "version": "4.4.2",
      "resolved": "https://registry.npmjs.org/lodash.get/-/lodash.get-4.4.2.tgz",
      "integrity": "sha512-z+Uw/vLuy6gQe8cfaFWD7p0wVv8fJl3mbzXh33RS+0oW2wvUqiRXiQ69gLWSLpgB5/6sU+r6BlQR0MBILadqTQ==",
      "dev": true
    },
    "plain-text-data-to-json": {
      "version": "2.0.0",
      "resolved": "https://registry.npmjs.org/plain-text-data-to-json/-/plain-text-data-to-json-2.0.0.tgz",
      "integrity": "sha512-toES5md+ZznPWpFBUqQgTpCTnZGfa14Ghi3EO6kJfZIZbPf5vTDRKcCQkHfDgM//mf6DolSKSiW9RaEY8CuTZw==",
      "dev": true
    },
    "pos": {
      "version": "0.4.2",
      "resolved": "https://registry.npmjs.org/pos/-/pos-0.4.2.tgz",
      "integrity": "sha512-5HtivCe1HaOqjQZZNhtKrIR1zBvm2FLVVGl4b1poHPZDbXq1BEqYOlmWmetbzqrkRFITxPbEpVgpB03qNS4cSw==",
      "dev": true
    },
    "regenerator-runtime": {
      "version": "0.11.1",
      "resolved": "https://registry.npmjs.org/regenerator-runtime/-/regenerator-runtime-0.11.1.tgz",
      "integrity": "sha512-MguG95oij0fC3QV3URf4V2SDYGJhJnJGqvIIgdECeODCT98wSWDAJ94SSuVpYQUoTcGUIL6L4yNB7j1DFFHSBg==",
      "dev": true
    },
    "sentence-splitter": {
      "version": "4.2.0",
      "resolved": "https://registry.npmjs.org/sentence-splitter/-/sentence-splitter-4.2.0.tgz",
      "integrity": "sha512-1Ww0iofAbR56tu6lVJ9Yh8Sj5ukeVjikBQ4sR5sNWM0kc+2AJe3p5F2o2qyuf5dJ4KVs1RbJpNkwEiMBCz7pKg==",
      "dev": true,
      "requires": {
        "@textlint/ast-node-types": "^13.2.0",
        "structured-source": "^4.0.0"
      }
    },
    "structured-source": {
      "version": "4.0.0",
      "resolved": "https://registry.npmjs.org/structured-source/-/structured-source-4.0.0.tgz",
      "integrity": "sha512-qGzRFNJDjFieQkl/sVOI2dUjHKRyL9dAJi2gCPGJLbJHBIkyOHxjuocpIEfbLioX+qSJpvbYdT49/YCdMznKxA==",
      "dev": true,
      "requires": {
        "boundary": "^2.0.0"
      }
    },
    "word-definition": {
      "version": "2.1.6",
      "resolved": "https://registry.npmjs.org/word-definition/-/word-definition-2.1.6.tgz",
      "integrity": "sha512-y+no9vMqF/9mOWSY4r/aU4rW8H/zDyegW6ZQ7ppEkJThyhnmzwVVNO10eAYbeJlU6+O27WCEtI54nuxbV23wsA==",
      "dev": true
    },
    "word-to-numbers": {
      "version": "1.0.0",
      "resolved": "https://registry.npmjs.org/word-to-numbers/-/word-to-numbers-1.0.0.tgz",
      "integrity": "sha512-jXp7yJRHPfTrP9RCv6Ht2Q0TlIoG+1nqrggnkuA0SXWHh/kre3t8a1hn81JO43M9aPnSd21OOXbQIGKtcU/4Tg==",
      "dev": true
    },
    "words-to-numbers": {
      "version": "1.5.1",
      "resolved": "https://registry.npmjs.org/words-to-numbers/-/words-to-numbers-1.5.1.tgz",
      "integrity": "sha512-uvz7zSCKmmA7o5f5zp4Z5l24RQhy6HSNu10URhNxQWv1I82RsFaZX3qD07RLFUMJsCV38oAuaca13AvhO+9yGw==",
      "dev": true,
      "requires": {
        "babel-runtime": "6.x.x",
        "clj-fuzzy": "^0.3.2",
        "its-set": "^1.1.5"
      }
    }
  }
}
